
Microsoft Visual Studio Solution File, Format Version 12.00
# Visual Studio Version 17
VisualStudioVersion = 17.0.31903.59
MinimumVisualStudioVersion = 10.0.40219.1
Project("{2150E333-8FDC-42A3-9474-1A3956D46DE8}") = "src", "src", "{827E0CD3-B72D-47B6-A68D-7590B98EB39B}"
EndProject
Project("{FAE04EC0-301F-11D3-BF4B-00C04F79EFBC}") = "sshrelay", "src\sshrelay\sshrelay.csproj", "{AE4012A7-5764-4308-95FB-C3BA0F7AFBB0}"
EndProject
Project("{2150E333-8FDC-42A3-9474-1A3956D46DE8}") = "tests", "tests", "{0AB3BF05-4346-4AA6-1389-037BE0695223}"
EndProject
Project("{FAE04EC0-301F-11D3-BF4B-00C04F79EFBC}") = "sshrelay.Tests", "tests\sshrelay.Tests\sshrelay.Tests.csproj", "{56E59A76-5025-429A-9756-224636A0BC37}"
EndProject
Project("{FAE04EC0-301F-11D3-BF4B-00C04F79EFBC}") = "dummy-client", "src\dummy-client\dummy-client.csproj", "{D023F54D-F845-4D93-AF03-D09BB9D529DD}"
EndProject
Project("{FAE04EC0-301F-11D3-BF4B-00C04F79EFBC}") = "sshrelay.Core", "src\sshrelay.Core\sshrelay.Core.csproj", "{3C135074-7CBD-4954-9643-2EADD5B80122}"
EndProject
Global
	GlobalSection(SolutionConfigurationPlatforms) = preSolution
		Debug|Any CPU = Debug|Any CPU
		Debug|x64 = Debug|x64
		Debug|x86 = Debug|x86
		Release|Any CPU = Release|Any CPU
		Release|x64 = Release|x64
		Release|x86 = Release|x86
	EndGlobalSection
	GlobalSection(ProjectConfigurationPlatforms) = postSolution
		{AE4012A7-5764-4308-95FB-C3BA0F7AFBB0}.Debug|Any CPU.ActiveCfg = Debug|Any CPU
		{AE4012A7-5764-4308-95FB-C3BA0F7AFBB0}.Debug|Any CPU.Build.0 = Debug|Any CPU
		{AE4012A7-5764-4308-95FB-C3BA0F7AFBB0}.Debug|x64.ActiveCfg = Debug|Any CPU
		{AE4012A7-5764-4308-95FB-C3BA0F7AFBB0}.Debug|x64.Build.0 = Debug|Any CPU
		{AE4012A7-5764-4308-95FB-C3BA0F7AFBB0}.Debug|x86.ActiveCfg = Debug|Any CPU
		{AE4012A7-5764-4308-95FB-C3BA0F7AFBB0}.Debug|x86.Build.0 = Debug|Any CPU
		{AE4012A7-5764-4308-95FB-C3BA0F7AFBB0}.Release|Any CPU.ActiveCfg = Release|Any CPU
		{AE4012A7-5764-4308-95FB-C3BA0F7AFBB0}.Release|Any CPU.Build.0 = Release|Any CPU
		{AE4012A7-5764-4308-95FB-C3BA0F7AFBB0}.Release|x64.ActiveCfg = Release|Any CPU
		{AE4012A7-5764-4308-95FB-C3BA0F7AFBB0}.Release|x64.Build.0 = Release|Any CPU
		{AE4012A7-5764-4308-95FB-C3BA0F7AFBB0}.Release|x86.ActiveCfg = Release|Any CPU
		{AE4012A7-5764-4308-95FB-C3BA0F7AFBB0}.Release|x86.Build.0 = Release|Any CPU
		{56E59A76-5025-429A-9756-224636A0BC37}.Debug|Any CPU.ActiveCfg = Debug|Any CPU
		{56E59A76-5025-429A-9756-224636A0BC37}.Debug|Any CPU.Build.0 = Debug|Any CPU
		{56E59A76-5025-429A-9756-224636A0BC37}.Debug|x64.ActiveCfg = Debug|Any CPU
		{56E59A76-5025-429A-9756-224636A0BC37}.Debug|x64.Build.0 = Debug|Any CPU
		{56E59A76-5025-429A-9756-224636A0BC37}.Debug|x86.ActiveCfg = Debug|Any CPU
		{56E59A76-5025-429A-9756-224636A0BC37}.Debug|x86.Build.0 = Debug|Any CPU
		{56E59A76-5025-429A-9756-224636A0BC37}.Release|Any CPU.ActiveCfg = Release|Any CPU
		{56E59A76-5025-429A-9756-224636A0BC37}.Release|Any CPU.Build.0 = Release|Any CPU
		{56E59A76-5025-429A-9756-224636A0BC37}.Release|x64.ActiveCfg = Release|Any CPU
		{56E59A76-5025-429A-9756-224636A0BC37}.Release|x64.Build.0 = Release|Any CPU
		{56E59A76-5025-429A-9756-224636A0BC37}.Release|x86.ActiveCfg = Release|Any CPU
		{56E59A76-5025-429A-9756-224636A0BC37}.Release|x86.Build.0 = Release|Any CPU
		{D023F54D-F845-4D93-AF03-D09BB9D529DD}.Debug|Any CPU.ActiveCfg = Debug|Any CPU
		{D023F54D-F845-4D93-AF03-D09BB9D529DD}.Debug|Any CPU.Build.0 = Debug|Any CPU
		{D023F54D-F845-4D93-AF03-D09BB9D529DD}.Debug|x64.ActiveCfg = Debug|Any CPU
		{D023F54D-F845-4D93-AF03-D09BB9D529DD}.Debug|x64.Build.0 = Debug|Any CPU
		{D023F54D-F845-4D93-AF03-D09BB9D529DD}.Debug|x86.ActiveCfg = Debug|Any CPU
		{D023F54D-F845-4D93-AF03-D09BB9D529DD}.Debug|x86.Build.0 = Debug|Any CPU
		{D023F54D-F845-4D93-AF03-D09BB9D529DD}.Release|Any CPU.ActiveCfg = Release|Any CPU
		{D023F54D-F845-4D93-AF03-D09BB9D529DD}.Release|Any CPU.Build.0 = Release|Any CPU
		{D023F54D-F845-4D93-AF03-D09BB9D529DD}.Release|x64.ActiveCfg = Release|Any CPU
		{D023F54D-F845-4D93-AF03-D09BB9D529DD}.Release|x64.Build.0 = Release|Any CPU
		{D023F54D-F845-4D93-AF03-D09BB9D529DD}.Release|x86.ActiveCfg = Release|Any CPU
		{D023F54D-F845-4D93-AF03-D09BB9D529DD}.Release|x86.Build.0 = Release|Any CPU
		{3C135074-7CBD-4954-9643-2EADD5B80122}.Debug|Any CPU.ActiveCfg = Debug|Any CPU
		{3C135074-7CBD-4954-9643-2EADD5B80122}.Debug|Any CPU.Build.0 = Debug|Any CPU
		{3C135074-7CBD-4954-9643-2EADD5B80122}.Debug|x64.ActiveCfg = Debug|Any CPU
		{3C135074-7CBD-4954-9643-2EADD5B80122}.Debug|x64.Build.0 = Debug|Any CPU
		{3C135074-7CBD-4954-9643-2EADD5B80122}.Debug|x86.ActiveCfg = Debug|Any CPU
		{3C135074-7CBD-4954-9643-2EADD5B80122}.Debug|x86.Build.0 = Debug|Any CPU
		{3C135074-7CBD-4954-9643-2EADD5B80122}.Release|Any CPU.ActiveCfg = Release|Any CPU
		{3C135074-7CBD-4954-9643-2EADD5B80122}.Release|Any CPU.Build.0 = Release|Any CPU
		{3C135074-7CBD-4954-9643-2EADD5B80122}.Release|x64.ActiveCfg = Release|Any CPU
		{3C135074-7CBD-4954-9643-2EADD5B80122}.Release|x64.Build.0 = Release|Any CPU
		{3C135074-7CBD-4954-9643-2EADD5B80122}.Release|x86.ActiveCfg = Release|Any CPU
		{3C135074-7CBD-4954-9643-2EADD5B80122}.Release|x86.Build.0 = Release|Any CPU
	EndGlobalSection
	GlobalSection(SolutionProperties) = preSolution
		HideSolutionNode = FALSE
	EndGlobalSection
	GlobalSection(NestedProjects) = preSolution
		{AE4012A7-5764-4308-95FB-C3BA0F7AFBB0} = {827E0CD3-B72D-47B6-A68D-7590B98EB39B}
		{56E59A76-5025-429A-9756-224636A0BC37} = {0AB3BF05-4346-4AA6-1389-037BE0695223}
		{D023F54D-F845-4D93-AF03-D09BB9D529DD} = {827E0CD3-B72D-47B6-A68D-7590B98EB39B}
		{3C135074-7CBD-4954-9643-2EADD5B80122} = {827E0CD3-B72D-47B6-A68D-7590B98EB39B}
	EndGlobalSection
EndGlobal
